
Microsoft Visual Studio Solution File, Format Version 12.00
Project("{FAE04EC0-301F-11D3-BF4B-00C04F79EFBC}") = "MontyHall.Tests", "MontyHall.Tests\MontyHall.Tests.csproj", "{8E59D4DF-849E-4E3E-B3D2-63C57EA71585}"
EndProject
Project("{FAE04EC0-301F-11D3-BF4B-00C04F79EFBC}") = "MontyHall", "MontyHall\MontyHall.csproj", "{58E09240-BCC3-4353-AB8B-E08FF303CE60}"
EndProject
Global
	GlobalSection(SolutionConfigurationPlatforms) = preSolution
		Debug|Any CPU = Debug|Any CPU
		Release|Any CPU = Release|Any CPU
	EndGlobalSection
	GlobalSection(ProjectConfigurationPlatforms) = postSolution
		{8E59D4DF-849E-4E3E-B3D2-63C57EA71585}.Debug|Any CPU.ActiveCfg = Debug|Any CPU
		{8E59D4DF-849E-4E3E-B3D2-63C57EA71585}.Debug|Any CPU.Build.0 = Debug|Any CPU
		{8E59D4DF-849E-4E3E-B3D2-63C57EA71585}.Release|Any CPU.ActiveCfg = Release|Any CPU
		{8E59D4DF-849E-4E3E-B3D2-63C57EA71585}.Release|Any CPU.Build.0 = Release|Any CPU
		{58E09240-BCC3-4353-AB8B-E08FF303CE60}.Debug|Any CPU.ActiveCfg = Debug|Any CPU
		{58E09240-BCC3-4353-AB8B-E08FF303CE60}.Debug|Any CPU.Build.0 = Debug|Any CPU
		{58E09240-BCC3-4353-AB8B-E08FF303CE60}.Release|Any CPU.ActiveCfg = Release|Any CPU
		{58E09240-BCC3-4353-AB8B-E08FF303CE60}.Release|Any CPU.Build.0 = Release|Any CPU
	EndGlobalSection
EndGlobal
