
Microsoft Visual Studio Solution File, Format Version 12.00
Project("{FAE04EC0-301F-11D3-BF4B-00C04F79EFBC}") = "fizzbuzz", "fizzbuzz\fizzbuzz.csproj", "{1C213B30-6A4A-4841-8541-026147330713}"
EndProject
Project("{FAE04EC0-301F-11D3-BF4B-00C04F79EFBC}") = "fizzbuzz-tests", "fizzbuzz-tests\fizzbuzz-tests.csproj", "{3564BE3C-607D-4F81-A6A3-0805112807AA}"
EndProject
Global
	GlobalSection(SolutionConfigurationPlatforms) = preSolution
		Debug|Any CPU = Debug|Any CPU
		Release|Any CPU = Release|Any CPU
	EndGlobalSection
	GlobalSection(ProjectConfigurationPlatforms) = postSolution
		{1C213B30-6A4A-4841-8541-026147330713}.Debug|Any CPU.ActiveCfg = Debug|Any CPU
		{1C213B30-6A4A-4841-8541-026147330713}.Debug|Any CPU.Build.0 = Debug|Any CPU
		{1C213B30-6A4A-4841-8541-026147330713}.Release|Any CPU.ActiveCfg = Release|Any CPU
		{1C213B30-6A4A-4841-8541-026147330713}.Release|Any CPU.Build.0 = Release|Any CPU
		{3564BE3C-607D-4F81-A6A3-0805112807AA}.Debug|Any CPU.ActiveCfg = Debug|Any CPU
		{3564BE3C-607D-4F81-A6A3-0805112807AA}.Debug|Any CPU.Build.0 = Debug|Any CPU
		{3564BE3C-607D-4F81-A6A3-0805112807AA}.Release|Any CPU.ActiveCfg = Release|Any CPU
		{3564BE3C-607D-4F81-A6A3-0805112807AA}.Release|Any CPU.Build.0 = Release|Any CPU
	EndGlobalSection
EndGlobal
